// !$*UTF8*$!
{
	archiveVersion = 1;
	classes = {
	};
	objectVersion = 56;
	objects = {

/* Begin PBXBuildFile section */
		412EC6C22C3B380F001F99A0 /* ArrayList.cpp in Sources */ = {isa = PBXBuildFile; fileRef = 412EC6C02C3B380F001F99A0 /* ArrayList.cpp */; };
		412EC6C42C3B3B0D001F99A0 /* main.cpp in Sources */ = {isa = PBXBuildFile; fileRef = 412EC6C32C3B3B0D001F99A0 /* main.cpp */; };
/* End PBXBuildFile section */

/* Begin PBXCopyFilesBuildPhase section */
		4150AAC52C34D0D2001654D7 /* CopyFiles */ = {
			isa = PBXCopyFilesBuildPhase;
			buildActionMask = 2147483647;
			dstPath = /usr/share/man/man1/;
			dstSubfolderSpec = 0;
			files = (
			);
			runOnlyForDeploymentPostprocessing = 1;
		};
/* End PBXCopyFilesBuildPhase section */

/* Begin PBXFileReference section */
		412EC69F2C3B33BC001F99A0 /* libc++.tbd */ = {isa = PBXFileReference; lastKnownFileType = "sourcecode.text-based-dylib-definition"; name = "libc++.tbd"; path = "usr/lib/libc++.tbd"; sourceTree = SDKROOT; };
		412EC6C02C3B380F001F99A0 /* ArrayList.cpp */ = {isa = PBXFileReference; lastKnownFileType = sourcecode.cpp.cpp; path = ArrayList.cpp; sourceTree = "<group>"; };
		412EC6C12C3B380F001F99A0 /* ArrayList.hpp */ = {isa = PBXFileReference; lastKnownFileType = sourcecode.cpp.h; path = ArrayList.hpp; sourceTree = "<group>"; };
		412EC6C32C3B3B0D001F99A0 /* main.cpp */ = {isa = PBXFileReference; lastKnownFileType = sourcecode.cpp.cpp; path = main.cpp; sourceTree = "<group>"; };
		4150AAC72C34D0D2001654D7 /* PointersAndArrayBasedLists */ = {isa = PBXFileReference; explicitFileType = "compiled.mach-o.executable"; includeInIndex = 0; path = PointersAndArrayBasedLists; sourceTree = BUILT_PRODUCTS_DIR; };
		4150AB042C38CB98001654D7 /* libc++.1.tbd */ = {isa = PBXFileReference; lastKnownFileType = "sourcecode.text-based-dylib-definition"; name = "libc++.1.tbd"; path = "usr/lib/libc++.1.tbd"; sourceTree = SDKROOT; };
		4150AB0A2C38CF3E001654D7 /* libkmodc++.a */ = {isa = PBXFileReference; lastKnownFileType = archive.ar; name = "libkmodc++.a"; path = "usr/lib/libkmodc++.a"; sourceTree = SDKROOT; };
/* End PBXFileReference section */

/* Begin PBXFrameworksBuildPhase section */
		4150AAC42C34D0D2001654D7 /* Frameworks */ = {
			isa = PBXFrameworksBuildPhase;
			buildActionMask = 2147483647;
			files = (
			);
			runOnlyForDeploymentPostprocessing = 0;
		};
/* End PBXFrameworksBuildPhase section */

/* Begin PBXGroup section */
		4150AABE2C34D0D2001654D7 = {
			isa = PBXGroup;
			children = (
				4150AAC92C34D0D2001654D7 /* PointersAndArrayBasedLists */,
				4150AAC82C34D0D2001654D7 /* Products */,
				4150AB032C38CB97001654D7 /* Frameworks */,
			);
			sourceTree = "<group>";
		};
		4150AAC82C34D0D2001654D7 /* Products */ = {
			isa = PBXGroup;
			children = (
				4150AAC72C34D0D2001654D7 /* PointersAndArrayBasedLists */,
			);
			name = Products;
			sourceTree = "<group>";
		};
		4150AAC92C34D0D2001654D7 /* PointersAndArrayBasedLists */ = {
			isa = PBXGroup;
			children = (
				412EC6C32C3B3B0D001F99A0 /* main.cpp */,
				412EC6C02C3B380F001F99A0 /* ArrayList.cpp */,
				412EC6C12C3B380F001F99A0 /* ArrayList.hpp */,
			);
			path = PointersAndArrayBasedLists;
			sourceTree = "<group>";
		};
		4150AB032C38CB97001654D7 /* Frameworks */ = {
			isa = PBXGroup;
			children = (
				412EC69F2C3B33BC001F99A0 /* libc++.tbd */,
				4150AB0A2C38CF3E001654D7 /* libkmodc++.a */,
				4150AB042C38CB98001654D7 /* libc++.1.tbd */,
			);
			name = Frameworks;
			sourceTree = "<group>";
		};
/* End PBXGroup section */

/* Begin PBXNativeTarget section */
		4150AAC62C34D0D2001654D7 /* PointersAndArrayBasedLists */ = {
			isa = PBXNativeTarget;
			buildConfigurationList = 4150AACE2C34D0D2001654D7 /* Build configuration list for PBXNativeTarget "PointersAndArrayBasedLists" */;
			buildPhases = (
				4150AAC32C34D0D2001654D7 /* Sources */,
				4150AAC42C34D0D2001654D7 /* Frameworks */,
				4150AAC52C34D0D2001654D7 /* CopyFiles */,
			);
			buildRules = (
			);
			dependencies = (
			);
			name = PointersAndArrayBasedLists;
			productName = PointersAndArrayBasedLists;
			productReference = 4150AAC72C34D0D2001654D7 /* PointersAndArrayBasedLists */;
			productType = "com.apple.product-type.tool";
		};
/* End PBXNativeTarget section */

/* Begin PBXProject section */
		4150AABF2C34D0D2001654D7 /* Project object */ = {
			isa = PBXProject;
			attributes = {
				BuildIndependentTargetsInParallel = 1;
				LastUpgradeCheck = 1540;
				TargetAttributes = {
					4150AAC62C34D0D2001654D7 = {
						CreatedOnToolsVersion = 15.4;
					};
				};
			};
			buildConfigurationList = 4150AAC22C34D0D2001654D7 /* Build configuration list for PBXProject "PointersAndArrayBasedLists" */;
			compatibilityVersion = "Xcode 14.0";
			developmentRegion = en;
			hasScannedForEncodings = 0;
			knownRegions = (
				en,
				Base,
			);
			mainGroup = 4150AABE2C34D0D2001654D7;
			productRefGroup = 4150AAC82C34D0D2001654D7 /* Products */;
			projectDirPath = "";
			projectRoot = "";
			targets = (
				4150AAC62C34D0D2001654D7 /* PointersAndArrayBasedLists */,
			);
		};
/* End PBXProject section */

/* Begin PBXSourcesBuildPhase section */
		4150AAC32C34D0D2001654D7 /* Sources */ = {
			isa = PBXSourcesBuildPhase;
			buildActionMask = 2147483647;
			files = (
				412EC6C42C3B3B0D001F99A0 /* main.cpp in Sources */,
				412EC6C22C3B380F001F99A0 /* ArrayList.cpp in Sources */,
			);
			runOnlyForDeploymentPostprocessing = 0;
		};
/* End PBXSourcesBuildPhase section */

/* Begin XCBuildConfiguration section */
		4150AACC2C34D0D2001654D7 /* Debug */ = {
			isa = XCBuildConfiguration;
			buildSettings = {
				ALWAYS_SEARCH_USER_PATHS = NO;
				ASSETCATALOG_COMPILER_GENERATE_SWIFT_ASSET_SYMBOL_EXTENSIONS = YES;
				CLANG_ANALYZER_NONNULL = YES;
				CLANG_ANALYZER_NUMBER_OBJECT_CONVERSION = YES_AGGRESSIVE;
				CLANG_CXX_LANGUAGE_STANDARD = "compiler-default";
				CLANG_ENABLE_MODULES = YES;
				CLANG_ENABLE_OBJC_ARC = YES;
				CLANG_ENABLE_OBJC_WEAK = YES;
				CLANG_WARN_BLOCK_CAPTURE_AUTORELEASING = YES;
				CLANG_WARN_BOOL_CONVERSION = YES;
				CLANG_WARN_COMMA = YES;
				CLANG_WARN_CONSTANT_CONVERSION = YES;
				CLANG_WARN_CXX0X_EXTENSIONS = NO;
				CLANG_WARN_DEPRECATED_OBJC_IMPLEMENTATIONS = YES;
				CLANG_WARN_DIRECT_OBJC_ISA_USAGE = YES_ERROR;
				CLANG_WARN_DOCUMENTATION_COMMENTS = YES;
				CLANG_WARN_EMPTY_BODY = YES;
				CLANG_WARN_ENUM_CONVERSION = YES;
				CLANG_WARN_INFINITE_RECURSION = YES;
				CLANG_WARN_INT_CONVERSION = YES;
				CLANG_WARN_NON_LITERAL_NULL_CONVERSION = YES;
				CLANG_WARN_OBJC_IMPLICIT_RETAIN_SELF = YES;
				CLANG_WARN_OBJC_LITERAL_CONVERSION = YES;
				CLANG_WARN_OBJC_ROOT_CLASS = YES_ERROR;
				CLANG_WARN_QUOTED_INCLUDE_IN_FRAMEWORK_HEADER = YES;
				CLANG_WARN_RANGE_LOOP_ANALYSIS = YES;
				CLANG_WARN_STRICT_PROTOTYPES = YES;
				CLANG_WARN_SUSPICIOUS_MOVE = YES;
				CLANG_WARN_UNGUARDED_AVAILABILITY = YES_AGGRESSIVE;
				CLANG_WARN_UNREACHABLE_CODE = YES;
				CLANG_WARN__DUPLICATE_METHOD_MATCH = YES;
				COPY_PHASE_STRIP = NO;
				DEBUG_INFORMATION_FORMAT = dwarf;
				ENABLE_STRICT_OBJC_MSGSEND = YES;
				ENABLE_TESTABILITY = YES;
				ENABLE_USER_SCRIPT_SANDBOXING = YES;
				GCC_C_LANGUAGE_STANDARD = gnu17;
				GCC_DYNAMIC_NO_PIC = NO;
				GCC_NO_COMMON_BLOCKS = YES;
				GCC_OPTIMIZATION_LEVEL = 0;
				GCC_PREPROCESSOR_DEFINITIONS = (
					"DEBUG=1",
					"$(inherited)",
				);
				GCC_WARN_64_TO_32_BIT_CONVERSION = YES;
				GCC_WARN_ABOUT_RETURN_TYPE = YES_ERROR;
				GCC_WARN_UNDECLARED_SELECTOR = YES;
				GCC_WARN_UNINITIALIZED_AUTOS = YES_AGGRESSIVE;
				GCC_WARN_UNUSED_FUNCTION = YES;
				GCC_WARN_UNUSED_VARIABLE = YES;
				LOCALIZATION_PREFERS_STRING_CATALOGS = YES;
				MACOSX_DEPLOYMENT_TARGET = 14.5;
				MTL_ENABLE_DEBUG_INFO = INCLUDE_SOURCE;
				MTL_FAST_MATH = YES;
				ONLY_ACTIVE_ARCH = YES;
				SDKROOT = macosx;
			};
			name = Debug;
		};
		4150AACD2C34D0D2001654D7 /* Release */ = {
			isa = XCBuildConfiguration;
			buildSettings = {
				ALWAYS_SEARCH_USER_PATHS = NO;
				ASSETCATALOG_COMPILER_GENERATE_SWIFT_ASSET_SYMBOL_EXTENSIONS = YES;
				CLANG_ANALYZER_NONNULL = YES;
				CLANG_ANALYZER_NUMBER_OBJECT_CONVERSION = YES_AGGRESSIVE;
				CLANG_CXX_LANGUAGE_STANDARD = "compiler-default";
				CLANG_ENABLE_MODULES = YES;
				CLANG_ENABLE_OBJC_ARC = YES;
				CLANG_ENABLE_OBJC_WEAK = YES;
				CLANG_WARN_BLOCK_CAPTURE_AUTORELEASING = YES;
				CLANG_WARN_BOOL_CONVERSION = YES;
				CLANG_WARN_COMMA = YES;
				CLANG_WARN_CONSTANT_CONVERSION = YES;
				CLANG_WARN_CXX0X_EXTENSIONS = NO;
				CLANG_WARN_DEPRECATED_OBJC_IMPLEMENTATIONS = YES;
				CLANG_WARN_DIRECT_OBJC_ISA_USAGE = YES_ERROR;
				CLANG_WARN_DOCUMENTATION_COMMENTS = YES;
				CLANG_WARN_EMPTY_BODY = YES;
				CLANG_WARN_ENUM_CONVERSION = YES;
				CLANG_WARN_INFINITE_RECURSION = YES;
				CLANG_WARN_INT_CONVERSION = YES;
				CLANG_WARN_NON_LITERAL_NULL_CONVERSION = YES;
				CLANG_WARN_OBJC_IMPLICIT_RETAIN_SELF = YES;
				CLANG_WARN_OBJC_LITERAL_CONVERSION = YES;
				CLANG_WARN_OBJC_ROOT_CLASS = YES_ERROR;
				CLANG_WARN_QUOTED_INCLUDE_IN_FRAMEWORK_HEADER = YES;
				CLANG_WARN_RANGE_LOOP_ANALYSIS = YES;
				CLANG_WARN_STRICT_PROTOTYPES = YES;
				CLANG_WARN_SUSPICIOUS_MOVE = YES;
				CLANG_WARN_UNGUARDED_AVAILABILITY = YES_AGGRESSIVE;
				CLANG_WARN_UNREACHABLE_CODE = YES;
				CLANG_WARN__DUPLICATE_METHOD_MATCH = YES;
				COPY_PHASE_STRIP = NO;
				DEBUG_INFORMATION_FORMAT = "dwarf-with-dsym";
				ENABLE_NS_ASSERTIONS = NO;
				ENABLE_STRICT_OBJC_MSGSEND = YES;
				ENABLE_USER_SCRIPT_SANDBOXING = YES;
				GCC_C_LANGUAGE_STANDARD = gnu17;
				GCC_NO_COMMON_BLOCKS = YES;
				GCC_WARN_64_TO_32_BIT_CONVERSION = YES;
				GCC_WARN_ABOUT_RETURN_TYPE = YES_ERROR;
				GCC_WARN_UNDECLARED_SELECTOR = YES;
				GCC_WARN_UNINITIALIZED_AUTOS = YES_AGGRESSIVE;
				GCC_WARN_UNUSED_FUNCTION = YES;
				GCC_WARN_UNUSED_VARIABLE = YES;
				LOCALIZATION_PREFERS_STRING_CATALOGS = YES;
				MACOSX_DEPLOYMENT_TARGET = 14.5;
				MTL_ENABLE_DEBUG_INFO = NO;
				MTL_FAST_MATH = YES;
				ONLY_ACTIVE_ARCH = YES;
				SDKROOT = macosx;
			};
			name = Release;
		};
		4150AACF2C34D0D2001654D7 /* Debug */ = {
			isa = XCBuildConfiguration;
			buildSettings = {
				CLANG_CXX_LANGUAGE_STANDARD = "c++23";
				CODE_SIGN_STYLE = Automatic;
				DEVELOPMENT_TEAM = CWCBRR328H;
				ENABLE_HARDENED_RUNTIME = YES;
				EXCLUDED_ARCHS = "";
				ONLY_ACTIVE_ARCH = NO;
				PRODUCT_NAME = "$(TARGET_NAME)";
			};
			name = Debug;
		};
		4150AAD02C34D0D2001654D7 /* Release */ = {
			isa = XCBuildConfiguration;
			buildSettings = {
				CLANG_CXX_LANGUAGE_STANDARD = "c++23";
				CODE_SIGN_STYLE = Automatic;
				DEVELOPMENT_TEAM = CWCBRR328H;
				ENABLE_HARDENED_RUNTIME = YES;
				EXCLUDED_ARCHS = "";
				"GCC_WARN_64_TO_32_BIT_CONVERSION[arch=*]" = YES;
				ONLY_ACTIVE_ARCH = NO;
				PRODUCT_NAME = "$(TARGET_NAME)";
			};
			name = Release;
		};
/* End XCBuildConfiguration section */

/* Begin XCConfigurationList section */
		4150AAC22C34D0D2001654D7 /* Build configuration list for PBXProject "PointersAndArrayBasedLists" */ = {
			isa = XCConfigurationList;
			buildConfigurations = (
				4150AACC2C34D0D2001654D7 /* Debug */,
				4150AACD2C34D0D2001654D7 /* Release */,
			);
			defaultConfigurationIsVisible = 0;
			defaultConfigurationName = Release;
		};
		4150AACE2C34D0D2001654D7 /* Build configuration list for PBXNativeTarget "PointersAndArrayBasedLists" */ = {
			isa = XCConfigurationList;
			buildConfigurations = (
				4150AACF2C34D0D2001654D7 /* Debug */,
				4150AAD02C34D0D2001654D7 /* Release */,
			);
			defaultConfigurationIsVisible = 0;
			defaultConfigurationName = Release;
		};
/* End XCConfigurationList section */
	};
	rootObject = 4150AABF2C34D0D2001654D7 /* Project object */;
}
