// !$*UTF8*$!
{
	archiveVersion = 1;
	classes = {
	};
	objectVersion = 56;
	objects = {

/* Begin PBXBuildFile section */
		41B488E12C472962008EB459 /* LinkedStackType.cpp in Sources */ = {isa = PBXBuildFile; fileRef = 41B488DF2C472962008EB459 /* LinkedStackType.cpp */; };
		41B488E42C4731B8008EB459 /* UnorderedLinkedStack.cpp in Sources */ = {isa = PBXBuildFile; fileRef = 41B488E22C4731B8008EB459 /* UnorderedLinkedStack.cpp */; };
		41B488F52C487B3F008EB459 /* LinkedQueueType.cpp in Sources */ = {isa = PBXBuildFile; fileRef = 41B488F32C487B3F008EB459 /* LinkedQueueType.cpp */; };
		41F9B1EF2C3DFED600DFA60C /* main.cpp in Sources */ = {isa = PBXBuildFile; fileRef = 41F9B1EE2C3DFED600DFA60C /* main.cpp */; };
		41F9B1FA2C3E0AAD00DFA60C /* LinkedListIterator.cpp in Sources */ = {isa = PBXBuildFile; fileRef = 41F9B1F82C3E0AAD00DFA60C /* LinkedListIterator.cpp */; };
		41F9B1FE2C3E0E8600DFA60C /* LinkedListType.cpp in Sources */ = {isa = PBXBuildFile; fileRef = 41F9B1FC2C3E0E8600DFA60C /* LinkedListType.cpp */; };
		41F9B2012C3F4E1100DFA60C /* UnorderedLinkedLists.cpp in Sources */ = {isa = PBXBuildFile; fileRef = 41F9B1FF2C3F4E1100DFA60C /* UnorderedLinkedLists.cpp */; };
		41F9B2042C3F58D900DFA60C /* OrderedLinkedLists.cpp in Sources */ = {isa = PBXBuildFile; fileRef = 41F9B2022C3F58D900DFA60C /* OrderedLinkedLists.cpp */; };
/* End PBXBuildFile section */

/* Begin PBXCopyFilesBuildPhase section */
		41F9B1E92C3DFED600DFA60C /* CopyFiles */ = {
			isa = PBXCopyFilesBuildPhase;
			buildActionMask = 2147483647;
			dstPath = /usr/share/man/man1/;
			dstSubfolderSpec = 0;
			files = (
			);
			runOnlyForDeploymentPostprocessing = 1;
		};
/* End PBXCopyFilesBuildPhase section */

/* Begin PBXFileReference section */
		41B488DB2C472439008EB459 /* StackADT.hpp */ = {isa = PBXFileReference; lastKnownFileType = sourcecode.cpp.h; path = StackADT.hpp; sourceTree = "<group>"; };
		41B488DD2C472914008EB459 /* NodeType.hpp */ = {isa = PBXFileReference; lastKnownFileType = sourcecode.cpp.h; path = NodeType.hpp; sourceTree = "<group>"; };
		41B488DF2C472962008EB459 /* LinkedStackType.cpp */ = {isa = PBXFileReference; lastKnownFileType = sourcecode.cpp.cpp; path = LinkedStackType.cpp; sourceTree = "<group>"; };
		41B488E02C472962008EB459 /* LinkedStackType.hpp */ = {isa = PBXFileReference; lastKnownFileType = sourcecode.cpp.h; path = LinkedStackType.hpp; sourceTree = "<group>"; };
		41B488E22C4731B8008EB459 /* UnorderedLinkedStack.cpp */ = {isa = PBXFileReference; lastKnownFileType = sourcecode.cpp.cpp; path = UnorderedLinkedStack.cpp; sourceTree = "<group>"; };
		41B488E32C4731B8008EB459 /* UnorderedLinkedStack.hpp */ = {isa = PBXFileReference; lastKnownFileType = sourcecode.cpp.h; path = UnorderedLinkedStack.hpp; sourceTree = "<group>"; };
		41B488F32C487B3F008EB459 /* LinkedQueueType.cpp */ = {isa = PBXFileReference; lastKnownFileType = sourcecode.cpp.cpp; path = LinkedQueueType.cpp; sourceTree = "<group>"; };
		41B488F42C487B3F008EB459 /* LinkedQueueType.hpp */ = {isa = PBXFileReference; lastKnownFileType = sourcecode.cpp.h; path = LinkedQueueType.hpp; sourceTree = "<group>"; };
		41B488F72C487BA4008EB459 /* QueueADT.hpp */ = {isa = PBXFileReference; fileEncoding = 4; lastKnownFileType = sourcecode.cpp.h; path = QueueADT.hpp; sourceTree = "<group>"; };
		41F9B1EB2C3DFED600DFA60C /* LinkedLists */ = {isa = PBXFileReference; explicitFileType = "compiled.mach-o.executable"; includeInIndex = 0; path = LinkedLists; sourceTree = BUILT_PRODUCTS_DIR; };
		41F9B1EE2C3DFED600DFA60C /* main.cpp */ = {isa = PBXFileReference; lastKnownFileType = sourcecode.cpp.cpp; path = main.cpp; sourceTree = "<group>"; };
		41F9B1F82C3E0AAD00DFA60C /* LinkedListIterator.cpp */ = {isa = PBXFileReference; lastKnownFileType = sourcecode.cpp.cpp; path = LinkedListIterator.cpp; sourceTree = "<group>"; };
		41F9B1F92C3E0AAD00DFA60C /* LinkedListIterator.hpp */ = {isa = PBXFileReference; lastKnownFileType = sourcecode.cpp.h; path = LinkedListIterator.hpp; sourceTree = "<group>"; };
		41F9B1FC2C3E0E8600DFA60C /* LinkedListType.cpp */ = {isa = PBXFileReference; lastKnownFileType = sourcecode.cpp.cpp; path = LinkedListType.cpp; sourceTree = "<group>"; };
		41F9B1FD2C3E0E8600DFA60C /* LinkedListType.hpp */ = {isa = PBXFileReference; lastKnownFileType = sourcecode.cpp.h; path = LinkedListType.hpp; sourceTree = "<group>"; };
		41F9B1FF2C3F4E1100DFA60C /* UnorderedLinkedLists.cpp */ = {isa = PBXFileReference; lastKnownFileType = sourcecode.cpp.cpp; path = UnorderedLinkedLists.cpp; sourceTree = "<group>"; };
		41F9B2002C3F4E1100DFA60C /* UnorderedLinkedLists.hpp */ = {isa = PBXFileReference; lastKnownFileType = sourcecode.cpp.h; path = UnorderedLinkedLists.hpp; sourceTree = "<group>"; };
		41F9B2022C3F58D900DFA60C /* OrderedLinkedLists.cpp */ = {isa = PBXFileReference; lastKnownFileType = sourcecode.cpp.cpp; path = OrderedLinkedLists.cpp; sourceTree = "<group>"; };
		41F9B2032C3F58D900DFA60C /* OrderedLinkedLists.hpp */ = {isa = PBXFileReference; lastKnownFileType = sourcecode.cpp.h; path = OrderedLinkedLists.hpp; sourceTree = "<group>"; };
/* End PBXFileReference section */

/* Begin PBXFrameworksBuildPhase section */
		41F9B1E82C3DFED600DFA60C /* Frameworks */ = {
			isa = PBXFrameworksBuildPhase;
			buildActionMask = 2147483647;
			files = (
			);
			runOnlyForDeploymentPostprocessing = 0;
		};
/* End PBXFrameworksBuildPhase section */

/* Begin PBXGroup section */
		41B488E52C473617008EB459 /* Stacks */ = {
			isa = PBXGroup;
			children = (
				41B488E32C4731B8008EB459 /* UnorderedLinkedStack.hpp */,
				41B488DB2C472439008EB459 /* StackADT.hpp */,
				41B488E02C472962008EB459 /* LinkedStackType.hpp */,
			);
			path = Stacks;
			sourceTree = "<group>";
		};
		41B488EF2C487AD3008EB459 /* LinkedLists */ = {
			isa = PBXGroup;
			children = (
				41F9B1F92C3E0AAD00DFA60C /* LinkedListIterator.hpp */,
				41F9B1FD2C3E0E8600DFA60C /* LinkedListType.hpp */,
				41F9B2002C3F4E1100DFA60C /* UnorderedLinkedLists.hpp */,
				41F9B2032C3F58D900DFA60C /* OrderedLinkedLists.hpp */,
			);
			path = LinkedLists;
			sourceTree = "<group>";
		};
		41B488F62C487B59008EB459 /* Queues */ = {
			isa = PBXGroup;
			children = (
				41B488F42C487B3F008EB459 /* LinkedQueueType.hpp */,
				41B488F72C487BA4008EB459 /* QueueADT.hpp */,
			);
			path = Queues;
			sourceTree = "<group>";
		};
		41F9B1E22C3DFED600DFA60C = {
			isa = PBXGroup;
			children = (
				41F9B1ED2C3DFED600DFA60C /* LinkedLists */,
				41F9B1EC2C3DFED600DFA60C /* Products */,
			);
			sourceTree = "<group>";
		};
		41F9B1EC2C3DFED600DFA60C /* Products */ = {
			isa = PBXGroup;
			children = (
				41F9B1EB2C3DFED600DFA60C /* LinkedLists */,
			);
			name = Products;
			sourceTree = "<group>";
		};
		41F9B1ED2C3DFED600DFA60C /* LinkedLists */ = {
			isa = PBXGroup;
			children = (
				41F9B1EE2C3DFED600DFA60C /* main.cpp */,
				41B488DD2C472914008EB459 /* NodeType.hpp */,
				41B488F62C487B59008EB459 /* Queues */,
				41B488EF2C487AD3008EB459 /* LinkedLists */,
				41B488E52C473617008EB459 /* Stacks */,
				41F9B1FB2C3E0AB600DFA60C /* CPP */,
			);
			path = LinkedLists;
			sourceTree = "<group>";
		};
		41F9B1FB2C3E0AB600DFA60C /* CPP */ = {
			isa = PBXGroup;
			children = (
				41B488E22C4731B8008EB459 /* UnorderedLinkedStack.cpp */,
				41B488DF2C472962008EB459 /* LinkedStackType.cpp */,
				41F9B2022C3F58D900DFA60C /* OrderedLinkedLists.cpp */,
				41F9B1FF2C3F4E1100DFA60C /* UnorderedLinkedLists.cpp */,
				41F9B1FC2C3E0E8600DFA60C /* LinkedListType.cpp */,
				41F9B1F82C3E0AAD00DFA60C /* LinkedListIterator.cpp */,
				41B488F32C487B3F008EB459 /* LinkedQueueType.cpp */,
			);
			path = CPP;
			sourceTree = "<group>";
		};
/* End PBXGroup section */

/* Begin PBXNativeTarget section */
		41F9B1EA2C3DFED600DFA60C /* LinkedLists */ = {
			isa = PBXNativeTarget;
			buildConfigurationList = 41F9B1F22C3DFED600DFA60C /* Build configuration list for PBXNativeTarget "LinkedLists" */;
			buildPhases = (
				41F9B1E72C3DFED600DFA60C /* Sources */,
				41F9B1E82C3DFED600DFA60C /* Frameworks */,
				41F9B1E92C3DFED600DFA60C /* CopyFiles */,
			);
			buildRules = (
			);
			dependencies = (
			);
			name = LinkedLists;
			productName = LinkedLists;
			productReference = 41F9B1EB2C3DFED600DFA60C /* LinkedLists */;
			productType = "com.apple.product-type.tool";
		};
/* End PBXNativeTarget section */

/* Begin PBXProject section */
		41F9B1E32C3DFED600DFA60C /* Project object */ = {
			isa = PBXProject;
			attributes = {
				BuildIndependentTargetsInParallel = 1;
				LastUpgradeCheck = 1540;
				TargetAttributes = {
					41F9B1EA2C3DFED600DFA60C = {
						CreatedOnToolsVersion = 15.4;
					};
				};
			};
			buildConfigurationList = 41F9B1E62C3DFED600DFA60C /* Build configuration list for PBXProject "LinkedLists" */;
			compatibilityVersion = "Xcode 14.0";
			developmentRegion = en;
			hasScannedForEncodings = 0;
			knownRegions = (
				en,
				Base,
			);
			mainGroup = 41F9B1E22C3DFED600DFA60C;
			productRefGroup = 41F9B1EC2C3DFED600DFA60C /* Products */;
			projectDirPath = "";
			projectRoot = "";
			targets = (
				41F9B1EA2C3DFED600DFA60C /* LinkedLists */,
			);
		};
/* End PBXProject section */

/* Begin PBXSourcesBuildPhase section */
		41F9B1E72C3DFED600DFA60C /* Sources */ = {
			isa = PBXSourcesBuildPhase;
			buildActionMask = 2147483647;
			files = (
				41F9B1FE2C3E0E8600DFA60C /* LinkedListType.cpp in Sources */,
				41B488E42C4731B8008EB459 /* UnorderedLinkedStack.cpp in Sources */,
				41B488F52C487B3F008EB459 /* LinkedQueueType.cpp in Sources */,
				41B488E12C472962008EB459 /* LinkedStackType.cpp in Sources */,
				41F9B1FA2C3E0AAD00DFA60C /* LinkedListIterator.cpp in Sources */,
				41F9B2042C3F58D900DFA60C /* OrderedLinkedLists.cpp in Sources */,
				41F9B1EF2C3DFED600DFA60C /* main.cpp in Sources */,
				41F9B2012C3F4E1100DFA60C /* UnorderedLinkedLists.cpp in Sources */,
			);
			runOnlyForDeploymentPostprocessing = 0;
		};
/* End PBXSourcesBuildPhase section */

/* Begin XCBuildConfiguration section */
		41F9B1F02C3DFED600DFA60C /* Debug */ = {
			isa = XCBuildConfiguration;
			buildSettings = {
				ALWAYS_SEARCH_USER_PATHS = NO;
				ASSETCATALOG_COMPILER_GENERATE_SWIFT_ASSET_SYMBOL_EXTENSIONS = YES;
				CLANG_ANALYZER_NONNULL = YES;
				CLANG_ANALYZER_NUMBER_OBJECT_CONVERSION = YES_AGGRESSIVE;
				CLANG_CXX_LANGUAGE_STANDARD = "gnu++20";
				CLANG_ENABLE_MODULES = YES;
				CLANG_ENABLE_OBJC_ARC = YES;
				CLANG_ENABLE_OBJC_WEAK = YES;
				CLANG_WARN_BLOCK_CAPTURE_AUTORELEASING = YES;
				CLANG_WARN_BOOL_CONVERSION = YES;
				CLANG_WARN_COMMA = YES;
				CLANG_WARN_CONSTANT_CONVERSION = YES;
				CLANG_WARN_DEPRECATED_OBJC_IMPLEMENTATIONS = YES;
				CLANG_WARN_DIRECT_OBJC_ISA_USAGE = YES_ERROR;
				CLANG_WARN_DOCUMENTATION_COMMENTS = YES;
				CLANG_WARN_EMPTY_BODY = YES;
				CLANG_WARN_ENUM_CONVERSION = YES;
				CLANG_WARN_INFINITE_RECURSION = YES;
				CLANG_WARN_INT_CONVERSION = YES;
				CLANG_WARN_NON_LITERAL_NULL_CONVERSION = YES;
				CLANG_WARN_OBJC_IMPLICIT_RETAIN_SELF = YES;
				CLANG_WARN_OBJC_LITERAL_CONVERSION = YES;
				CLANG_WARN_OBJC_ROOT_CLASS = YES_ERROR;
				CLANG_WARN_QUOTED_INCLUDE_IN_FRAMEWORK_HEADER = YES;
				CLANG_WARN_RANGE_LOOP_ANALYSIS = YES;
				CLANG_WARN_STRICT_PROTOTYPES = YES;
				CLANG_WARN_SUSPICIOUS_MOVE = YES;
				CLANG_WARN_UNGUARDED_AVAILABILITY = YES_AGGRESSIVE;
				CLANG_WARN_UNREACHABLE_CODE = YES;
				CLANG_WARN__DUPLICATE_METHOD_MATCH = YES;
				COPY_PHASE_STRIP = NO;
				DEBUG_INFORMATION_FORMAT = dwarf;
				ENABLE_STRICT_OBJC_MSGSEND = YES;
				ENABLE_TESTABILITY = YES;
				ENABLE_USER_SCRIPT_SANDBOXING = YES;
				GCC_C_LANGUAGE_STANDARD = gnu17;
				GCC_DYNAMIC_NO_PIC = NO;
				GCC_NO_COMMON_BLOCKS = YES;
				GCC_OPTIMIZATION_LEVEL = 0;
				GCC_PREPROCESSOR_DEFINITIONS = (
					"DEBUG=1",
					"$(inherited)",
				);
				GCC_WARN_64_TO_32_BIT_CONVERSION = YES;
				GCC_WARN_ABOUT_RETURN_TYPE = YES_ERROR;
				GCC_WARN_UNDECLARED_SELECTOR = YES;
				GCC_WARN_UNINITIALIZED_AUTOS = YES_AGGRESSIVE;
				GCC_WARN_UNUSED_FUNCTION = YES;
				GCC_WARN_UNUSED_VARIABLE = YES;
				LOCALIZATION_PREFERS_STRING_CATALOGS = YES;
				MACOSX_DEPLOYMENT_TARGET = 14.5;
				MTL_ENABLE_DEBUG_INFO = INCLUDE_SOURCE;
				MTL_FAST_MATH = YES;
				ONLY_ACTIVE_ARCH = YES;
				SDKROOT = macosx;
			};
			name = Debug;
		};
		41F9B1F12C3DFED600DFA60C /* Release */ = {
			isa = XCBuildConfiguration;
			buildSettings = {
				ALWAYS_SEARCH_USER_PATHS = NO;
				ASSETCATALOG_COMPILER_GENERATE_SWIFT_ASSET_SYMBOL_EXTENSIONS = YES;
				CLANG_ANALYZER_NONNULL = YES;
				CLANG_ANALYZER_NUMBER_OBJECT_CONVERSION = YES_AGGRESSIVE;
				CLANG_CXX_LANGUAGE_STANDARD = "gnu++20";
				CLANG_ENABLE_MODULES = YES;
				CLANG_ENABLE_OBJC_ARC = YES;
				CLANG_ENABLE_OBJC_WEAK = YES;
				CLANG_WARN_BLOCK_CAPTURE_AUTORELEASING = YES;
				CLANG_WARN_BOOL_CONVERSION = YES;
				CLANG_WARN_COMMA = YES;
				CLANG_WARN_CONSTANT_CONVERSION = YES;
				CLANG_WARN_DEPRECATED_OBJC_IMPLEMENTATIONS = YES;
				CLANG_WARN_DIRECT_OBJC_ISA_USAGE = YES_ERROR;
				CLANG_WARN_DOCUMENTATION_COMMENTS = YES;
				CLANG_WARN_EMPTY_BODY = YES;
				CLANG_WARN_ENUM_CONVERSION = YES;
				CLANG_WARN_INFINITE_RECURSION = YES;
				CLANG_WARN_INT_CONVERSION = YES;
				CLANG_WARN_NON_LITERAL_NULL_CONVERSION = YES;
				CLANG_WARN_OBJC_IMPLICIT_RETAIN_SELF = YES;
				CLANG_WARN_OBJC_LITERAL_CONVERSION = YES;
				CLANG_WARN_OBJC_ROOT_CLASS = YES_ERROR;
				CLANG_WARN_QUOTED_INCLUDE_IN_FRAMEWORK_HEADER = YES;
				CLANG_WARN_RANGE_LOOP_ANALYSIS = YES;
				CLANG_WARN_STRICT_PROTOTYPES = YES;
				CLANG_WARN_SUSPICIOUS_MOVE = YES;
				CLANG_WARN_UNGUARDED_AVAILABILITY = YES_AGGRESSIVE;
				CLANG_WARN_UNREACHABLE_CODE = YES;
				CLANG_WARN__DUPLICATE_METHOD_MATCH = YES;
				COPY_PHASE_STRIP = NO;
				DEBUG_INFORMATION_FORMAT = "dwarf-with-dsym";
				ENABLE_NS_ASSERTIONS = NO;
				ENABLE_STRICT_OBJC_MSGSEND = YES;
				ENABLE_USER_SCRIPT_SANDBOXING = YES;
				GCC_C_LANGUAGE_STANDARD = gnu17;
				GCC_NO_COMMON_BLOCKS = YES;
				GCC_WARN_64_TO_32_BIT_CONVERSION = YES;
				GCC_WARN_ABOUT_RETURN_TYPE = YES_ERROR;
				GCC_WARN_UNDECLARED_SELECTOR = YES;
				GCC_WARN_UNINITIALIZED_AUTOS = YES_AGGRESSIVE;
				GCC_WARN_UNUSED_FUNCTION = YES;
				GCC_WARN_UNUSED_VARIABLE = YES;
				LOCALIZATION_PREFERS_STRING_CATALOGS = YES;
				MACOSX_DEPLOYMENT_TARGET = 14.5;
				MTL_ENABLE_DEBUG_INFO = NO;
				MTL_FAST_MATH = YES;
				SDKROOT = macosx;
			};
			name = Release;
		};
		41F9B1F32C3DFED600DFA60C /* Debug */ = {
			isa = XCBuildConfiguration;
			buildSettings = {
				CODE_SIGN_STYLE = Automatic;
				DEVELOPMENT_TEAM = CWCBRR328H;
				ENABLE_HARDENED_RUNTIME = YES;
				PRODUCT_NAME = "$(TARGET_NAME)";
			};
			name = Debug;
		};
		41F9B1F42C3DFED600DFA60C /* Release */ = {
			isa = XCBuildConfiguration;
			buildSettings = {
				CODE_SIGN_STYLE = Automatic;
				DEVELOPMENT_TEAM = CWCBRR328H;
				ENABLE_HARDENED_RUNTIME = YES;
				PRODUCT_NAME = "$(TARGET_NAME)";
			};
			name = Release;
		};
/* End XCBuildConfiguration section */

/* Begin XCConfigurationList section */
		41F9B1E62C3DFED600DFA60C /* Build configuration list for PBXProject "LinkedLists" */ = {
			isa = XCConfigurationList;
			buildConfigurations = (
				41F9B1F02C3DFED600DFA60C /* Debug */,
				41F9B1F12C3DFED600DFA60C /* Release */,
			);
			defaultConfigurationIsVisible = 0;
			defaultConfigurationName = Release;
		};
		41F9B1F22C3DFED600DFA60C /* Build configuration list for PBXNativeTarget "LinkedLists" */ = {
			isa = XCConfigurationList;
			buildConfigurations = (
				41F9B1F32C3DFED600DFA60C /* Debug */,
				41F9B1F42C3DFED600DFA60C /* Release */,
			);
			defaultConfigurationIsVisible = 0;
			defaultConfigurationName = Release;
		};
/* End XCConfigurationList section */
	};
	rootObject = 41F9B1E32C3DFED600DFA60C /* Project object */;
}
